<?xml version="1.0" encoding="utf-8"?>
<Project ToolsVersion="4.0" xmlns="http://schemas.microsoft.com/developer/msbuild/2003">
  <ItemGroup>
    <Filter Include="源文件">
      <UniqueIdentifier>{4FC737F1-C7A5-4376-A066-2A32D752A2FF}</UniqueIdentifier>
      <Extensions>cpp;c;cc;cxx;def;odl;idl;hpj;bat;asm;asmx</Extensions>
    </Filter>
    <Filter Include="资源文件">
      <UniqueIdentifier>{67DA6AB6-F800-4c08-8B7A-83BB121AAD01}</UniqueIdentifier>
      <Extensions>rc;ico;cur;bmp;dlg;rc2;rct;bin;rgs;gif;jpg;jpeg;jpe;resx;tiff;tif;png;wav;mfcribbon-ms</Extensions>
    </Filter>
    <Filter Include="fisheye_corrector">
      <UniqueIdentifier>{58f106b0-87bb-49b0-b26d-8cc99bf73817}</UniqueIdentifier>
    </Filter>
    <Filter Include="find_perspective_transform">
      <UniqueIdentifier>{52828e6b-2b00-4270-8433-12f2b64da789}</UniqueIdentifier>
    </Filter>
    <Filter Include="tools">
      <UniqueIdentifier>{f2703409-bacc-428b-bb9a-e3b1d572acee}</UniqueIdentifier>
    </Filter>
  </ItemGroup>
  <ItemGroup>
    <ClCompile Include="fisheye_corrector\fisheye_corrector.cpp">
      <Filter>fisheye_corrector</Filter>
    </ClCompile>
    <ClCompile Include="find_perspective_transform\find_perspective_transform.cpp">
      <Filter>find_perspective_transform</Filter>
    </ClCompile>
    <ClCompile Include="main.cpp">
      <Filter>源文件</Filter>
    </ClCompile>
    <ClCompile Include="correctImage.cpp">
      <Filter>tools</Filter>
    </ClCompile>
    <ClCompile Include="correctVideo.cpp">
      <Filter>tools</Filter>
    </ClCompile>
  </ItemGroup>
  <ItemGroup>
    <ClInclude Include="fisheye_corrector\fisheye_corrector.h">
      <Filter>fisheye_corrector</Filter>
    </ClInclude>
    <ClInclude Include="find_perspective_transform\find_perspective_transform.h">
      <Filter>find_perspective_transform</Filter>
    </ClInclude>
    <ClInclude Include="correctTools.h">
      <Filter>tools</Filter>
    </ClInclude>
  </ItemGroup>
</Project>